// !$*UTF8*$!
{
	archiveVersion = 1;
	classes = {
	};
	objectVersion = 56;
	objects = {

/* Begin PBXBuildFile section */
		5955238A299E2CDB007E5D62 /* PhoneRegisrationScreen.swift in Sources */ = {isa = PBXBuildFile; fileRef = 59552389299E2CDB007E5D62 /* PhoneRegisrationScreen.swift */; };
		5955238C299E36D6007E5D62 /* OtpVerificationScreen.swift in Sources */ = {isa = PBXBuildFile; fileRef = 5955238B299E36D6007E5D62 /* OtpVerificationScreen.swift */; };
		5955238E299E4A23007E5D62 /* LetsStartScreen.swift in Sources */ = {isa = PBXBuildFile; fileRef = 5955238D299E4A23007E5D62 /* LetsStartScreen.swift */; };
		59552390299E589A007E5D62 /* HomeScreen.swift in Sources */ = {isa = PBXBuildFile; fileRef = 5955238F299E589A007E5D62 /* HomeScreen.swift */; };
		59624349299F90370007481C /* UserProfileDetailScreen.swift in Sources */ = {isa = PBXBuildFile; fileRef = 59624348299F90370007481C /* UserProfileDetailScreen.swift */; };
		596BA51E299F503F009784A7 /* ProfileScreen.swift in Sources */ = {isa = PBXBuildFile; fileRef = 596BA51D299F503F009784A7 /* ProfileScreen.swift */; };
		596BA520299F52A5009784A7 /* SeekBar.swift in Sources */ = {isa = PBXBuildFile; fileRef = 596BA51F299F52A4009784A7 /* SeekBar.swift */; };
		596BA522299F5740009784A7 /* MainTabContainer.swift in Sources */ = {isa = PBXBuildFile; fileRef = 596BA521299F5740009784A7 /* MainTabContainer.swift */; };
		59D9DA51299DEE2F000C2B82 /* Stranger_Chat_AppApp.swift in Sources */ = {isa = PBXBuildFile; fileRef = 59D9DA50299DEE2F000C2B82 /* Stranger_Chat_AppApp.swift */; };
		59D9DA53299DEE2F000C2B82 /* ContentView.swift in Sources */ = {isa = PBXBuildFile; fileRef = 59D9DA52299DEE2F000C2B82 /* ContentView.swift */; };
		59D9DA55299DEE33000C2B82 /* Assets.xcassets in Resources */ = {isa = PBXBuildFile; fileRef = 59D9DA54299DEE33000C2B82 /* Assets.xcassets */; };
		59D9DA58299DEE33000C2B82 /* Preview Assets.xcassets in Resources */ = {isa = PBXBuildFile; fileRef = 59D9DA57299DEE33000C2B82 /* Preview Assets.xcassets */; };
		59D9DA63299DEF17000C2B82 /* AppColors.swift in Sources */ = {isa = PBXBuildFile; fileRef = 59D9DA5F299DEF17000C2B82 /* AppColors.swift */; };
		59D9DA64299DEF17000C2B82 /* AppImages.swift in Sources */ = {isa = PBXBuildFile; fileRef = 59D9DA60299DEF17000C2B82 /* AppImages.swift */; };
		59D9DA65299DEF17000C2B82 /* Shimmer.swift in Sources */ = {isa = PBXBuildFile; fileRef = 59D9DA61299DEF17000C2B82 /* Shimmer.swift */; };
		59D9DA66299DEF17000C2B82 /* ImageViewer.swift in Sources */ = {isa = PBXBuildFile; fileRef = 59D9DA62299DEF17000C2B82 /* ImageViewer.swift */; };
		59D9DA69299DEF52000C2B82 /* Kingfisher in Frameworks */ = {isa = PBXBuildFile; productRef = 59D9DA68299DEF52000C2B82 /* Kingfisher */; };
		59D9DA6C299DEF76000C2B82 /* Shimmer in Frameworks */ = {isa = PBXBuildFile; productRef = 59D9DA6B299DEF76000C2B82 /* Shimmer */; };
		59D9DA6E299DF46F000C2B82 /* PinkButton.swift in Sources */ = {isa = PBXBuildFile; fileRef = 59D9DA6D299DF46F000C2B82 /* PinkButton.swift */; };
		59D9DAC8299DF70D000C2B82 /* cera_pro_regular.otf in Resources */ = {isa = PBXBuildFile; fileRef = 59D9DAC6299DF70D000C2B82 /* cera_pro_regular.otf */; };
		59D9DAC9299DF70D000C2B82 /* AppFonts.swift in Sources */ = {isa = PBXBuildFile; fileRef = 59D9DAC7299DF70D000C2B82 /* AppFonts.swift */; };
		59D9DACE299DF8A8000C2B82 /* OnboardingScreen.swift in Sources */ = {isa = PBXBuildFile; fileRef = 59D9DACD299DF8A8000C2B82 /* OnboardingScreen.swift */; };
		59D9DAD0299DFE5A000C2B82 /* SignupScreen.swift in Sources */ = {isa = PBXBuildFile; fileRef = 59D9DACF299DFE5A000C2B82 /* SignupScreen.swift */; };
		59D9DAD2299E070A000C2B82 /* LogInScreen.swift in Sources */ = {isa = PBXBuildFile; fileRef = 59D9DAD1299E070A000C2B82 /* LogInScreen.swift */; };
		59D9DAD4299E18BB000C2B82 /* LoginSwicher.swift in Sources */ = {isa = PBXBuildFile; fileRef = 59D9DAD3299E18BB000C2B82 /* LoginSwicher.swift */; };
/* End PBXBuildFile section */

/* Begin PBXFileReference section */
		59552389299E2CDB007E5D62 /* PhoneRegisrationScreen.swift */ = {isa = PBXFileReference; lastKnownFileType = sourcecode.swift; path = PhoneRegisrationScreen.swift; sourceTree = "<group>"; };
		5955238B299E36D6007E5D62 /* OtpVerificationScreen.swift */ = {isa = PBXFileReference; lastKnownFileType = sourcecode.swift; path = OtpVerificationScreen.swift; sourceTree = "<group>"; };
		5955238D299E4A23007E5D62 /* LetsStartScreen.swift */ = {isa = PBXFileReference; lastKnownFileType = sourcecode.swift; path = LetsStartScreen.swift; sourceTree = "<group>"; };
		5955238F299E589A007E5D62 /* HomeScreen.swift */ = {isa = PBXFileReference; lastKnownFileType = sourcecode.swift; path = HomeScreen.swift; sourceTree = "<group>"; };
		59624348299F90370007481C /* UserProfileDetailScreen.swift */ = {isa = PBXFileReference; lastKnownFileType = sourcecode.swift; path = UserProfileDetailScreen.swift; sourceTree = "<group>"; };
		596BA51D299F503F009784A7 /* ProfileScreen.swift */ = {isa = PBXFileReference; lastKnownFileType = sourcecode.swift; path = ProfileScreen.swift; sourceTree = "<group>"; };
		596BA51F299F52A4009784A7 /* SeekBar.swift */ = {isa = PBXFileReference; fileEncoding = 4; lastKnownFileType = sourcecode.swift; path = SeekBar.swift; sourceTree = "<group>"; };
		596BA521299F5740009784A7 /* MainTabContainer.swift */ = {isa = PBXFileReference; lastKnownFileType = sourcecode.swift; path = MainTabContainer.swift; sourceTree = "<group>"; };
		59D9DA4D299DEE2F000C2B82 /* Stranger Chat App.app */ = {isa = PBXFileReference; explicitFileType = wrapper.application; includeInIndex = 0; path = "Stranger Chat App.app"; sourceTree = BUILT_PRODUCTS_DIR; };
		59D9DA50299DEE2F000C2B82 /* Stranger_Chat_AppApp.swift */ = {isa = PBXFileReference; lastKnownFileType = sourcecode.swift; path = Stranger_Chat_AppApp.swift; sourceTree = "<group>"; };
		59D9DA52299DEE2F000C2B82 /* ContentView.swift */ = {isa = PBXFileReference; lastKnownFileType = sourcecode.swift; path = ContentView.swift; sourceTree = "<group>"; };
		59D9DA54299DEE33000C2B82 /* Assets.xcassets */ = {isa = PBXFileReference; lastKnownFileType = folder.assetcatalog; path = Assets.xcassets; sourceTree = "<group>"; };
		59D9DA57299DEE33000C2B82 /* Preview Assets.xcassets */ = {isa = PBXFileReference; lastKnownFileType = folder.assetcatalog; path = "Preview Assets.xcassets"; sourceTree = "<group>"; };
		59D9DA5F299DEF17000C2B82 /* AppColors.swift */ = {isa = PBXFileReference; fileEncoding = 4; lastKnownFileType = sourcecode.swift; path = AppColors.swift; sourceTree = "<group>"; };
		59D9DA60299DEF17000C2B82 /* AppImages.swift */ = {isa = PBXFileReference; fileEncoding = 4; lastKnownFileType = sourcecode.swift; path = AppImages.swift; sourceTree = "<group>"; };
		59D9DA61299DEF17000C2B82 /* Shimmer.swift */ = {isa = PBXFileReference; fileEncoding = 4; lastKnownFileType = sourcecode.swift; path = Shimmer.swift; sourceTree = "<group>"; };
		59D9DA62299DEF17000C2B82 /* ImageViewer.swift */ = {isa = PBXFileReference; fileEncoding = 4; lastKnownFileType = sourcecode.swift; path = ImageViewer.swift; sourceTree = "<group>"; };
		59D9DA6D299DF46F000C2B82 /* PinkButton.swift */ = {isa = PBXFileReference; fileEncoding = 4; lastKnownFileType = sourcecode.swift; path = PinkButton.swift; sourceTree = "<group>"; };
		59D9DAC6299DF70D000C2B82 /* cera_pro_regular.otf */ = {isa = PBXFileReference; lastKnownFileType = file; path = cera_pro_regular.otf; sourceTree = "<group>"; };
		59D9DAC7299DF70D000C2B82 /* AppFonts.swift */ = {isa = PBXFileReference; fileEncoding = 4; lastKnownFileType = sourcecode.swift; path = AppFonts.swift; sourceTree = "<group>"; };
		59D9DACD299DF8A8000C2B82 /* OnboardingScreen.swift */ = {isa = PBXFileReference; lastKnownFileType = sourcecode.swift; path = OnboardingScreen.swift; sourceTree = "<group>"; };
		59D9DACF299DFE5A000C2B82 /* SignupScreen.swift */ = {isa = PBXFileReference; lastKnownFileType = sourcecode.swift; path = SignupScreen.swift; sourceTree = "<group>"; };
		59D9DAD1299E070A000C2B82 /* LogInScreen.swift */ = {isa = PBXFileReference; lastKnownFileType = sourcecode.swift; path = LogInScreen.swift; sourceTree = "<group>"; };
		59D9DAD3299E18BB000C2B82 /* LoginSwicher.swift */ = {isa = PBXFileReference; lastKnownFileType = sourcecode.swift; path = LoginSwicher.swift; sourceTree = "<group>"; };
/* End PBXFileReference section */

/* Begin PBXFrameworksBuildPhase section */
		59D9DA4A299DEE2F000C2B82 /* Frameworks */ = {
			isa = PBXFrameworksBuildPhase;
			buildActionMask = 2147483647;
			files = (
				59D9DA6C299DEF76000C2B82 /* Shimmer in Frameworks */,
				59D9DA69299DEF52000C2B82 /* Kingfisher in Frameworks */,
			);
			runOnlyForDeploymentPostprocessing = 0;
		};
/* End PBXFrameworksBuildPhase section */

/* Begin PBXGroup section */
		59D9DA44299DEE2F000C2B82 = {
			isa = PBXGroup;
			children = (
				59D9DA4F299DEE2F000C2B82 /* Stranger Chat App */,
				59D9DA4E299DEE2F000C2B82 /* Products */,
			);
			sourceTree = "<group>";
		};
		59D9DA4E299DEE2F000C2B82 /* Products */ = {
			isa = PBXGroup;
			children = (
				59D9DA4D299DEE2F000C2B82 /* Stranger Chat App.app */,
			);
			name = Products;
			sourceTree = "<group>";
		};
		59D9DA4F299DEE2F000C2B82 /* Stranger Chat App */ = {
			isa = PBXGroup;
			children = (
				59D9DACA299DF7DE000C2B82 /* Screens */,
				59D9DAC5299DF70D000C2B82 /* Fonts */,
				59D9DA5E299DEF17000C2B82 /* Resources */,
				59D9DA50299DEE2F000C2B82 /* Stranger_Chat_AppApp.swift */,
				59D9DA52299DEE2F000C2B82 /* ContentView.swift */,
				59D9DA54299DEE33000C2B82 /* Assets.xcassets */,
				59D9DA56299DEE33000C2B82 /* Preview Content */,
			);
			path = "Stranger Chat App";
			sourceTree = "<group>";
		};
		59D9DA56299DEE33000C2B82 /* Preview Content */ = {
			isa = PBXGroup;
			children = (
				59D9DA57299DEE33000C2B82 /* Preview Assets.xcassets */,
			);
			path = "Preview Content";
			sourceTree = "<group>";
		};
		59D9DA5E299DEF17000C2B82 /* Resources */ = {
			isa = PBXGroup;
			children = (
				596BA51F299F52A4009784A7 /* SeekBar.swift */,
				59D9DA6D299DF46F000C2B82 /* PinkButton.swift */,
				59D9DA5F299DEF17000C2B82 /* AppColors.swift */,
				59D9DA60299DEF17000C2B82 /* AppImages.swift */,
				59D9DA61299DEF17000C2B82 /* Shimmer.swift */,
				59D9DA62299DEF17000C2B82 /* ImageViewer.swift */,
			);
			path = Resources;
			sourceTree = "<group>";
		};
		59D9DAC5299DF70D000C2B82 /* Fonts */ = {
			isa = PBXGroup;
			children = (
				59D9DAC6299DF70D000C2B82 /* cera_pro_regular.otf */,
				59D9DAC7299DF70D000C2B82 /* AppFonts.swift */,
			);
			path = Fonts;
			sourceTree = "<group>";
		};
		59D9DACA299DF7DE000C2B82 /* Screens */ = {
			isa = PBXGroup;
			children = (
				59D9DACD299DF8A8000C2B82 /* OnboardingScreen.swift */,
				59D9DACF299DFE5A000C2B82 /* SignupScreen.swift */,
				59D9DAD1299E070A000C2B82 /* LogInScreen.swift */,
				59D9DAD3299E18BB000C2B82 /* LoginSwicher.swift */,
				59552389299E2CDB007E5D62 /* PhoneRegisrationScreen.swift */,
				5955238B299E36D6007E5D62 /* OtpVerificationScreen.swift */,
				5955238D299E4A23007E5D62 /* LetsStartScreen.swift */,
				5955238F299E589A007E5D62 /* HomeScreen.swift */,
				596BA51D299F503F009784A7 /* ProfileScreen.swift */,
				596BA521299F5740009784A7 /* MainTabContainer.swift */,
				59624348299F90370007481C /* UserProfileDetailScreen.swift */,
			);
			path = Screens;
			sourceTree = "<group>";
		};
/* End PBXGroup section */

/* Begin PBXNativeTarget section */
		59D9DA4C299DEE2F000C2B82 /* Stranger Chat App */ = {
			isa = PBXNativeTarget;
			buildConfigurationList = 59D9DA5B299DEE33000C2B82 /* Build configuration list for PBXNativeTarget "Stranger Chat App" */;
			buildPhases = (
				59D9DA49299DEE2F000C2B82 /* Sources */,
				59D9DA4A299DEE2F000C2B82 /* Frameworks */,
				59D9DA4B299DEE2F000C2B82 /* Resources */,
			);
			buildRules = (
			);
			dependencies = (
			);
			name = "Stranger Chat App";
			packageProductDependencies = (
				59D9DA68299DEF52000C2B82 /* Kingfisher */,
				59D9DA6B299DEF76000C2B82 /* Shimmer */,
			);
			productName = "Stranger Chat App";
			productReference = 59D9DA4D299DEE2F000C2B82 /* Stranger Chat App.app */;
			productType = "com.apple.product-type.application";
		};
/* End PBXNativeTarget section */

/* Begin PBXProject section */
		59D9DA45299DEE2F000C2B82 /* Project object */ = {
			isa = PBXProject;
			attributes = {
				BuildIndependentTargetsInParallel = 1;
				LastSwiftUpdateCheck = 1420;
				LastUpgradeCheck = 1420;
				TargetAttributes = {
					59D9DA4C299DEE2F000C2B82 = {
						CreatedOnToolsVersion = 14.2;
					};
				};
			};
			buildConfigurationList = 59D9DA48299DEE2F000C2B82 /* Build configuration list for PBXProject "Stranger Chat App" */;
			compatibilityVersion = "Xcode 14.0";
			developmentRegion = en;
			hasScannedForEncodings = 0;
			knownRegions = (
				en,
				Base,
			);
			mainGroup = 59D9DA44299DEE2F000C2B82;
			packageReferences = (
				59D9DA67299DEF52000C2B82 /* XCRemoteSwiftPackageReference "Kingfisher" */,
				59D9DA6A299DEF76000C2B82 /* XCRemoteSwiftPackageReference "SwiftUI-Shimmer" */,
			);
			productRefGroup = 59D9DA4E299DEE2F000C2B82 /* Products */;
			projectDirPath = "";
			projectRoot = "";
			targets = (
				59D9DA4C299DEE2F000C2B82 /* Stranger Chat App */,
			);
		};
/* End PBXProject section */

/* Begin PBXResourcesBuildPhase section */
		59D9DA4B299DEE2F000C2B82 /* Resources */ = {
			isa = PBXResourcesBuildPhase;
			buildActionMask = 2147483647;
			files = (
				59D9DA58299DEE33000C2B82 /* Preview Assets.xcassets in Resources */,
				59D9DA55299DEE33000C2B82 /* Assets.xcassets in Resources */,
				59D9DAC8299DF70D000C2B82 /* cera_pro_regular.otf in Resources */,
			);
			runOnlyForDeploymentPostprocessing = 0;
		};
/* End PBXResourcesBuildPhase section */

/* Begin PBXSourcesBuildPhase section */
		59D9DA49299DEE2F000C2B82 /* Sources */ = {
			isa = PBXSourcesBuildPhase;
			buildActionMask = 2147483647;
			files = (
				59D9DA6E299DF46F000C2B82 /* PinkButton.swift in Sources */,
				59D9DA63299DEF17000C2B82 /* AppColors.swift in Sources */,
				59D9DA64299DEF17000C2B82 /* AppImages.swift in Sources */,
				59D9DAD4299E18BB000C2B82 /* LoginSwicher.swift in Sources */,
				596BA522299F5740009784A7 /* MainTabContainer.swift in Sources */,
				59552390299E589A007E5D62 /* HomeScreen.swift in Sources */,
				59D9DAD0299DFE5A000C2B82 /* SignupScreen.swift in Sources */,
				596BA51E299F503F009784A7 /* ProfileScreen.swift in Sources */,
				5955238E299E4A23007E5D62 /* LetsStartScreen.swift in Sources */,
				59D9DA53299DEE2F000C2B82 /* ContentView.swift in Sources */,
				596BA520299F52A5009784A7 /* SeekBar.swift in Sources */,
				59D9DAC9299DF70D000C2B82 /* AppFonts.swift in Sources */,
				59D9DACE299DF8A8000C2B82 /* OnboardingScreen.swift in Sources */,
				5955238C299E36D6007E5D62 /* OtpVerificationScreen.swift in Sources */,
				5955238A299E2CDB007E5D62 /* PhoneRegisrationScreen.swift in Sources */,
				59624349299F90370007481C /* UserProfileDetailScreen.swift in Sources */,
				59D9DA66299DEF17000C2B82 /* ImageViewer.swift in Sources */,
				59D9DAD2299E070A000C2B82 /* LogInScreen.swift in Sources */,
				59D9DA65299DEF17000C2B82 /* Shimmer.swift in Sources */,
				59D9DA51299DEE2F000C2B82 /* Stranger_Chat_AppApp.swift in Sources */,
			);
			runOnlyForDeploymentPostprocessing = 0;
		};
/* End PBXSourcesBuildPhase section */

/* Begin XCBuildConfiguration section */
		59D9DA59299DEE33000C2B82 /* Debug */ = {
			isa = XCBuildConfiguration;
			buildSettings = {
				ALWAYS_SEARCH_USER_PATHS = NO;
				CLANG_ANALYZER_NONNULL = YES;
				CLANG_ANALYZER_NUMBER_OBJECT_CONVERSION = YES_AGGRESSIVE;
				CLANG_CXX_LANGUAGE_STANDARD = "gnu++20";
				CLANG_ENABLE_MODULES = YES;
				CLANG_ENABLE_OBJC_ARC = YES;
				CLANG_ENABLE_OBJC_WEAK = YES;
				CLANG_WARN_BLOCK_CAPTURE_AUTORELEASING = YES;
				CLANG_WARN_BOOL_CONVERSION = YES;
				CLANG_WARN_COMMA = YES;
				CLANG_WARN_CONSTANT_CONVERSION = YES;
				CLANG_WARN_DEPRECATED_OBJC_IMPLEMENTATIONS = YES;
				CLANG_WARN_DIRECT_OBJC_ISA_USAGE = YES_ERROR;
				CLANG_WARN_DOCUMENTATION_COMMENTS = YES;
				CLANG_WARN_EMPTY_BODY = YES;
				CLANG_WARN_ENUM_CONVERSION = YES;
				CLANG_WARN_INFINITE_RECURSION = YES;
				CLANG_WARN_INT_CONVERSION = YES;
				CLANG_WARN_NON_LITERAL_NULL_CONVERSION = YES;
				CLANG_WARN_OBJC_IMPLICIT_RETAIN_SELF = YES;
				CLANG_WARN_OBJC_LITERAL_CONVERSION = YES;
				CLANG_WARN_OBJC_ROOT_CLASS = YES_ERROR;
				CLANG_WARN_QUOTED_INCLUDE_IN_FRAMEWORK_HEADER = YES;
				CLANG_WARN_RANGE_LOOP_ANALYSIS = YES;
				CLANG_WARN_STRICT_PROTOTYPES = YES;
				CLANG_WARN_SUSPICIOUS_MOVE = YES;
				CLANG_WARN_UNGUARDED_AVAILABILITY = YES_AGGRESSIVE;
				CLANG_WARN_UNREACHABLE_CODE = YES;
				CLANG_WARN__DUPLICATE_METHOD_MATCH = YES;
				COPY_PHASE_STRIP = NO;
				DEBUG_INFORMATION_FORMAT = dwarf;
				ENABLE_STRICT_OBJC_MSGSEND = YES;
				ENABLE_TESTABILITY = YES;
				GCC_C_LANGUAGE_STANDARD = gnu11;
				GCC_DYNAMIC_NO_PIC = NO;
				GCC_NO_COMMON_BLOCKS = YES;
				GCC_OPTIMIZATION_LEVEL = 0;
				GCC_PREPROCESSOR_DEFINITIONS = (
					"DEBUG=1",
					"$(inherited)",
				);
				GCC_WARN_64_TO_32_BIT_CONVERSION = YES;
				GCC_WARN_ABOUT_RETURN_TYPE = YES_ERROR;
				GCC_WARN_UNDECLARED_SELECTOR = YES;
				GCC_WARN_UNINITIALIZED_AUTOS = YES_AGGRESSIVE;
				GCC_WARN_UNUSED_FUNCTION = YES;
				GCC_WARN_UNUSED_VARIABLE = YES;
				IPHONEOS_DEPLOYMENT_TARGET = 15.0;
				MTL_ENABLE_DEBUG_INFO = INCLUDE_SOURCE;
				MTL_FAST_MATH = YES;
				ONLY_ACTIVE_ARCH = YES;
				SDKROOT = iphoneos;
				SWIFT_ACTIVE_COMPILATION_CONDITIONS = DEBUG;
				SWIFT_OPTIMIZATION_LEVEL = "-Onone";
			};
			name = Debug;
		};
		59D9DA5A299DEE33000C2B82 /* Release */ = {
			isa = XCBuildConfiguration;
			buildSettings = {
				ALWAYS_SEARCH_USER_PATHS = NO;
				CLANG_ANALYZER_NONNULL = YES;
				CLANG_ANALYZER_NUMBER_OBJECT_CONVERSION = YES_AGGRESSIVE;
				CLANG_CXX_LANGUAGE_STANDARD = "gnu++20";
				CLANG_ENABLE_MODULES = YES;
				CLANG_ENABLE_OBJC_ARC = YES;
				CLANG_ENABLE_OBJC_WEAK = YES;
				CLANG_WARN_BLOCK_CAPTURE_AUTORELEASING = YES;
				CLANG_WARN_BOOL_CONVERSION = YES;
				CLANG_WARN_COMMA = YES;
				CLANG_WARN_CONSTANT_CONVERSION = YES;
				CLANG_WARN_DEPRECATED_OBJC_IMPLEMENTATIONS = YES;
				CLANG_WARN_DIRECT_OBJC_ISA_USAGE = YES_ERROR;
				CLANG_WARN_DOCUMENTATION_COMMENTS = YES;
				CLANG_WARN_EMPTY_BODY = YES;
				CLANG_WARN_ENUM_CONVERSION = YES;
				CLANG_WARN_INFINITE_RECURSION = YES;
				CLANG_WARN_INT_CONVERSION = YES;
				CLANG_WARN_NON_LITERAL_NULL_CONVERSION = YES;
				CLANG_WARN_OBJC_IMPLICIT_RETAIN_SELF = YES;
				CLANG_WARN_OBJC_LITERAL_CONVERSION = YES;
				CLANG_WARN_OBJC_ROOT_CLASS = YES_ERROR;
				CLANG_WARN_QUOTED_INCLUDE_IN_FRAMEWORK_HEADER = YES;
				CLANG_WARN_RANGE_LOOP_ANALYSIS = YES;
				CLANG_WARN_STRICT_PROTOTYPES = YES;
				CLANG_WARN_SUSPICIOUS_MOVE = YES;
				CLANG_WARN_UNGUARDED_AVAILABILITY = YES_AGGRESSIVE;
				CLANG_WARN_UNREACHABLE_CODE = YES;
				CLANG_WARN__DUPLICATE_METHOD_MATCH = YES;
				COPY_PHASE_STRIP = NO;
				DEBUG_INFORMATION_FORMAT = "dwarf-with-dsym";
				ENABLE_NS_ASSERTIONS = NO;
				ENABLE_STRICT_OBJC_MSGSEND = YES;
				GCC_C_LANGUAGE_STANDARD = gnu11;
				GCC_NO_COMMON_BLOCKS = YES;
				GCC_WARN_64_TO_32_BIT_CONVERSION = YES;
				GCC_WARN_ABOUT_RETURN_TYPE = YES_ERROR;
				GCC_WARN_UNDECLARED_SELECTOR = YES;
				GCC_WARN_UNINITIALIZED_AUTOS = YES_AGGRESSIVE;
				GCC_WARN_UNUSED_FUNCTION = YES;
				GCC_WARN_UNUSED_VARIABLE = YES;
				IPHONEOS_DEPLOYMENT_TARGET = 15.0;
				MTL_ENABLE_DEBUG_INFO = NO;
				MTL_FAST_MATH = YES;
				SDKROOT = iphoneos;
				SWIFT_COMPILATION_MODE = wholemodule;
				SWIFT_OPTIMIZATION_LEVEL = "-O";
				VALIDATE_PRODUCT = YES;
			};
			name = Release;
		};
		59D9DA5C299DEE33000C2B82 /* Debug */ = {
			isa = XCBuildConfiguration;
			buildSettings = {
				ASSETCATALOG_COMPILER_APPICON_NAME = AppIcon;
				ASSETCATALOG_COMPILER_GLOBAL_ACCENT_COLOR_NAME = AccentColor;
				CODE_SIGN_STYLE = Automatic;
				CURRENT_PROJECT_VERSION = 1;
				DEVELOPMENT_ASSET_PATHS = "\"Stranger Chat App/Preview Content\"";
				ENABLE_PREVIEWS = YES;
				FRAMEWORK_SEARCH_PATHS = (
					"$(inherited)",
					"$(PROJECT_DIR)/Stranger\\ Chat\\ App/GooglePlaces-7.1.0/Frameworks",
				);
				GENERATE_INFOPLIST_FILE = YES;
				INFOPLIST_FILE = "Stranger-Chat-App-Info.plist";
				INFOPLIST_KEY_UIApplicationSceneManifest_Generation = YES;
				INFOPLIST_KEY_UIApplicationSupportsIndirectInputEvents = YES;
				INFOPLIST_KEY_UILaunchScreen_Generation = YES;
				INFOPLIST_KEY_UISupportedInterfaceOrientations_iPad = "UIInterfaceOrientationPortrait UIInterfaceOrientationPortraitUpsideDown UIInterfaceOrientationLandscapeLeft UIInterfaceOrientationLandscapeRight";
				INFOPLIST_KEY_UISupportedInterfaceOrientations_iPhone = "UIInterfaceOrientationPortrait UIInterfaceOrientationLandscapeLeft UIInterfaceOrientationLandscapeRight";
				LD_RUNPATH_SEARCH_PATHS = (
					"$(inherited)",
					"@executable_path/Frameworks",
				);
				MARKETING_VERSION = 1.0;
				PRODUCT_BUNDLE_IDENTIFIER = "com.strangerchatapp.codecue.Stranger-Chat-App";
				PRODUCT_NAME = "$(TARGET_NAME)";
				SWIFT_EMIT_LOC_STRINGS = YES;
				SWIFT_VERSION = 5.0;
				TARGETED_DEVICE_FAMILY = "1,2";
			};
			name = Debug;
		};
		59D9DA5D299DEE33000C2B82 /* Release */ = {
			isa = XCBuildConfiguration;
			buildSettings = {
				ASSETCATALOG_COMPILER_APPICON_NAME = AppIcon;
				ASSETCATALOG_COMPILER_GLOBAL_ACCENT_COLOR_NAME = AccentColor;
				CODE_SIGN_STYLE = Automatic;
				CURRENT_PROJECT_VERSION = 1;
				DEVELOPMENT_ASSET_PATHS = "\"Stranger Chat App/Preview Content\"";
				ENABLE_PREVIEWS = YES;
				FRAMEWORK_SEARCH_PATHS = (
					"$(inherited)",
					"$(PROJECT_DIR)/Stranger\\ Chat\\ App/GooglePlaces-7.1.0/Frameworks",
				);
				GENERATE_INFOPLIST_FILE = YES;
				INFOPLIST_FILE = "Stranger-Chat-App-Info.plist";
				INFOPLIST_KEY_UIApplicationSceneManifest_Generation = YES;
				INFOPLIST_KEY_UIApplicationSupportsIndirectInputEvents = YES;
				INFOPLIST_KEY_UILaunchScreen_Generation = YES;
				INFOPLIST_KEY_UISupportedInterfaceOrientations_iPad = "UIInterfaceOrientationPortrait UIInterfaceOrientationPortraitUpsideDown UIInterfaceOrientationLandscapeLeft UIInterfaceOrientationLandscapeRight";
				INFOPLIST_KEY_UISupportedInterfaceOrientations_iPhone = "UIInterfaceOrientationPortrait UIInterfaceOrientationLandscapeLeft UIInterfaceOrientationLandscapeRight";
				LD_RUNPATH_SEARCH_PATHS = (
					"$(inherited)",
					"@executable_path/Frameworks",
				);
				MARKETING_VERSION = 1.0;
				PRODUCT_BUNDLE_IDENTIFIER = "com.strangerchatapp.codecue.Stranger-Chat-App";
				PRODUCT_NAME = "$(TARGET_NAME)";
				SWIFT_EMIT_LOC_STRINGS = YES;
				SWIFT_VERSION = 5.0;
				TARGETED_DEVICE_FAMILY = "1,2";
			};
			name = Release;
		};
/* End XCBuildConfiguration section */

/* Begin XCConfigurationList section */
		59D9DA48299DEE2F000C2B82 /* Build configuration list for PBXProject "Stranger Chat App" */ = {
			isa = XCConfigurationList;
			buildConfigurations = (
				59D9DA59299DEE33000C2B82 /* Debug */,
				59D9DA5A299DEE33000C2B82 /* Release */,
			);
			defaultConfigurationIsVisible = 0;
			defaultConfigurationName = Release;
		};
		59D9DA5B299DEE33000C2B82 /* Build configuration list for PBXNativeTarget "Stranger Chat App" */ = {
			isa = XCConfigurationList;
			buildConfigurations = (
				59D9DA5C299DEE33000C2B82 /* Debug */,
				59D9DA5D299DEE33000C2B82 /* Release */,
			);
			defaultConfigurationIsVisible = 0;
			defaultConfigurationName = Release;
		};
/* End XCConfigurationList section */

/* Begin XCRemoteSwiftPackageReference section */
		59D9DA67299DEF52000C2B82 /* XCRemoteSwiftPackageReference "Kingfisher" */ = {
			isa = XCRemoteSwiftPackageReference;
			repositoryURL = "https://github.com/onevcat/Kingfisher.git";
			requirement = {
				branch = master;
				kind = branch;
			};
		};
		59D9DA6A299DEF76000C2B82 /* XCRemoteSwiftPackageReference "SwiftUI-Shimmer" */ = {
			isa = XCRemoteSwiftPackageReference;
			repositoryURL = "https://github.com/markiv/SwiftUI-Shimmer.git";
			requirement = {
				branch = main;
				kind = branch;
			};
		};
/* End XCRemoteSwiftPackageReference section */

/* Begin XCSwiftPackageProductDependency section */
		59D9DA68299DEF52000C2B82 /* Kingfisher */ = {
			isa = XCSwiftPackageProductDependency;
			package = 59D9DA67299DEF52000C2B82 /* XCRemoteSwiftPackageReference "Kingfisher" */;
			productName = Kingfisher;
		};
		59D9DA6B299DEF76000C2B82 /* Shimmer */ = {
			isa = XCSwiftPackageProductDependency;
			package = 59D9DA6A299DEF76000C2B82 /* XCRemoteSwiftPackageReference "SwiftUI-Shimmer" */;
			productName = Shimmer;
		};
/* End XCSwiftPackageProductDependency section */
	};
	rootObject = 59D9DA45299DEE2F000C2B82 /* Project object */;
}
